PODS:
  - AMap3DMap (6.3.0):
    - AMapFoundation (~> 1.5)
  - AMapFoundation (1.5.3)
  - AMapSearch (6.1.1):
    - AMapFoundation (~> 1.4)

DEPENDENCIES:
  - AMap3DMap
  - AMapSearch

SPEC REPOS:
  https://github.com/cocoapods/specs.git:
    - AMap3DMap
    - AMapFoundation
    - AMapSearch

SPEC CHECKSUMS:
  AMap3DMap: 1bb48f98ecb46682f145881692e7b06adcd06a93
  AMapFoundation: 58f883c80754c659cf626deb3150936bfe8f1772
  AMapSearch: 3dcbf85c403a2a0fe0eda5318caabc272b31f5e1

PODFILE CHECKSUM: 8f9a7e0d25e27c2b3c5d4a31ef0cf6174938afe7

COCOAPODS: 1.5.3
